
Microsoft Visual Studio Solution File, Format Version 12.00
# Visual Studio Version 16
VisualStudioVersion = 16.0.29911.84
MinimumVisualStudioVersion = 10.0.40219.1
Project("{FAE04EC0-301F-11D3-BF4B-00C04F79EFBC}") = "MvcKutuphane", "MvcKutuphane\MvcKutuphane.csproj", "{DD7D0127-2CCE-4204-859F-522E707C50A4}"
EndProject
Global
	GlobalSection(SolutionConfigurationPlatforms) = preSolution
		Debug|Any CPU = Debug|Any CPU
		Release|Any CPU = Release|Any CPU
	EndGlobalSection
	GlobalSection(ProjectConfigurationPlatforms) = postSolution
		{DD7D0127-2CCE-4204-859F-522E707C50A4}.Debug|Any CPU.ActiveCfg = Debug|Any CPU
		{DD7D0127-2CCE-4204-859F-522E707C50A4}.Debug|Any CPU.Build.0 = Debug|Any CPU
		{DD7D0127-2CCE-4204-859F-522E707C50A4}.Release|Any CPU.ActiveCfg = Release|Any CPU
		{DD7D0127-2CCE-4204-859F-522E707C50A4}.Release|Any CPU.Build.0 = Release|Any CPU
	EndGlobalSection
	GlobalSection(SolutionProperties) = preSolution
		HideSolutionNode = FALSE
	EndGlobalSection
	GlobalSection(ExtensibilityGlobals) = postSolution
		SolutionGuid = {C1EB3150-1CD6-4CD8-8FDB-0976FE541D80}
	EndGlobalSection
EndGlobal
